
Microsoft Visual Studio Solution File, Format Version 12.00
# Visual Studio Version 17
VisualStudioVersion = 17.9.34723.18
MinimumVisualStudioVersion = 10.0.40219.1
Project("{FAE04EC0-301F-11D3-BF4B-00C04F79EFBC}") = "ThunderWings.Api", "ThunderWings.Api\ThunderWings.Api.csproj", "{BC772395-E97C-42DE-9918-04FF25346BE1}"
EndProject
Project("{FAE04EC0-301F-11D3-BF4B-00C04F79EFBC}") = "ThunderWings.Core", "ThunderWings.Core\ThunderWings.Core.csproj", "{6EC9A424-F626-40CF-96BB-38AF59880406}"
EndProject
Project("{FAE04EC0-301F-11D3-BF4B-00C04F79EFBC}") = "ThunderWings.Repo", "ThunderWings.Repo\ThunderWings.Repo.csproj", "{AF17EC49-346C-4B65-B954-81F75F6EDC22}"
EndProject
Global
	GlobalSection(SolutionConfigurationPlatforms) = preSolution
		Debug|Any CPU = Debug|Any CPU
		Release|Any CPU = Release|Any CPU
	EndGlobalSection
	GlobalSection(ProjectConfigurationPlatforms) = postSolution
		{BC772395-E97C-42DE-9918-04FF25346BE1}.Debug|Any CPU.ActiveCfg = Debug|Any CPU
		{BC772395-E97C-42DE-9918-04FF25346BE1}.Debug|Any CPU.Build.0 = Debug|Any CPU
		{BC772395-E97C-42DE-9918-04FF25346BE1}.Release|Any CPU.ActiveCfg = Release|Any CPU
		{BC772395-E97C-42DE-9918-04FF25346BE1}.Release|Any CPU.Build.0 = Release|Any CPU
		{6EC9A424-F626-40CF-96BB-38AF59880406}.Debug|Any CPU.ActiveCfg = Debug|Any CPU
		{6EC9A424-F626-40CF-96BB-38AF59880406}.Debug|Any CPU.Build.0 = Debug|Any CPU
		{6EC9A424-F626-40CF-96BB-38AF59880406}.Release|Any CPU.ActiveCfg = Release|Any CPU
		{6EC9A424-F626-40CF-96BB-38AF59880406}.Release|Any CPU.Build.0 = Release|Any CPU
		{AF17EC49-346C-4B65-B954-81F75F6EDC22}.Debug|Any CPU.ActiveCfg = Debug|Any CPU
		{AF17EC49-346C-4B65-B954-81F75F6EDC22}.Debug|Any CPU.Build.0 = Debug|Any CPU
		{AF17EC49-346C-4B65-B954-81F75F6EDC22}.Release|Any CPU.ActiveCfg = Release|Any CPU
		{AF17EC49-346C-4B65-B954-81F75F6EDC22}.Release|Any CPU.Build.0 = Release|Any CPU
	EndGlobalSection
	GlobalSection(SolutionProperties) = preSolution
		HideSolutionNode = FALSE
	EndGlobalSection
	GlobalSection(ExtensibilityGlobals) = postSolution
		SolutionGuid = {C6AB91C5-2BE3-47D9-AC3D-4550C2BD994F}
	EndGlobalSection
EndGlobal
